
Microsoft Visual Studio Solution File, Format Version 12.00
# Visual Studio Version 17
VisualStudioVersion = 17.10.35013.160
MinimumVisualStudioVersion = 10.0.40219.1
Project("{FAE04EC0-301F-11D3-BF4B-00C04F79EFBC}") = "TraceProfilerCSharp", "TraceProfilerCSharp.csproj", "{78CC902F-225E-4C43-A5E5-AC825A71109E}"
EndProject
Global
	GlobalSection(SolutionConfigurationPlatforms) = preSolution
		Debug|Any CPU = Debug|Any CPU
		Release|Any CPU = Release|Any CPU
	EndGlobalSection
	GlobalSection(ProjectConfigurationPlatforms) = postSolution
		{78CC902F-225E-4C43-A5E5-AC825A71109E}.Debug|Any CPU.ActiveCfg = Debug|Any CPU
		{78CC902F-225E-4C43-A5E5-AC825A71109E}.Debug|Any CPU.Build.0 = Debug|Any CPU
		{78CC902F-225E-4C43-A5E5-AC825A71109E}.Release|Any CPU.ActiveCfg = Release|Any CPU
		{78CC902F-225E-4C43-A5E5-AC825A71109E}.Release|Any CPU.Build.0 = Release|Any CPU
	EndGlobalSection
	GlobalSection(SolutionProperties) = preSolution
		HideSolutionNode = FALSE
	EndGlobalSection
	GlobalSection(ExtensibilityGlobals) = postSolution
		SolutionGuid = {6EE87771-3C3C-446A-B590-F5A158A4978E}
	EndGlobalSection
EndGlobal
